
Microsoft Visual Studio Solution File, Format Version 12.00
# Visual Studio Version 17
VisualStudioVersion = 17.0.32014.148
MinimumVisualStudioVersion = 10.0.40219.1
Project("{FAE04EC0-301F-11D3-BF4B-00C04F79EFBC}") = "CodingExamples.App", "CodingExamples.App\CodingExamples.App.csproj", "{B3770E27-C558-4FD5-9ACA-E9850C6F5586}"
EndProject
Project("{FAE04EC0-301F-11D3-BF4B-00C04F79EFBC}") = "CodingExamples.Data", "CodingExamples.Data\CodingExamples.Data.csproj", "{9A751FE2-E999-4177-AB29-8ADF20A300B8}"
EndProject
Project("{FAE04EC0-301F-11D3-BF4B-00C04F79EFBC}") = "CodingExamples.Tests", "CodingExamples.Tests\CodingExamples.Tests.csproj", "{D36EFB71-550F-4E0F-B0D3-691A6338E34E}"
EndProject
Global
	GlobalSection(SolutionConfigurationPlatforms) = preSolution
		Debug|Any CPU = Debug|Any CPU
		Release|Any CPU = Release|Any CPU
	EndGlobalSection
	GlobalSection(ProjectConfigurationPlatforms) = postSolution
		{B3770E27-C558-4FD5-9ACA-E9850C6F5586}.Debug|Any CPU.ActiveCfg = Debug|Any CPU
		{B3770E27-C558-4FD5-9ACA-E9850C6F5586}.Debug|Any CPU.Build.0 = Debug|Any CPU
		{B3770E27-C558-4FD5-9ACA-E9850C6F5586}.Release|Any CPU.ActiveCfg = Release|Any CPU
		{B3770E27-C558-4FD5-9ACA-E9850C6F5586}.Release|Any CPU.Build.0 = Release|Any CPU
		{9A751FE2-E999-4177-AB29-8ADF20A300B8}.Debug|Any CPU.ActiveCfg = Debug|Any CPU
		{9A751FE2-E999-4177-AB29-8ADF20A300B8}.Debug|Any CPU.Build.0 = Debug|Any CPU
		{9A751FE2-E999-4177-AB29-8ADF20A300B8}.Release|Any CPU.ActiveCfg = Release|Any CPU
		{9A751FE2-E999-4177-AB29-8ADF20A300B8}.Release|Any CPU.Build.0 = Release|Any CPU
		{D36EFB71-550F-4E0F-B0D3-691A6338E34E}.Debug|Any CPU.ActiveCfg = Debug|Any CPU
		{D36EFB71-550F-4E0F-B0D3-691A6338E34E}.Debug|Any CPU.Build.0 = Debug|Any CPU
		{D36EFB71-550F-4E0F-B0D3-691A6338E34E}.Release|Any CPU.ActiveCfg = Release|Any CPU
		{D36EFB71-550F-4E0F-B0D3-691A6338E34E}.Release|Any CPU.Build.0 = Release|Any CPU
	EndGlobalSection
	GlobalSection(SolutionProperties) = preSolution
		HideSolutionNode = FALSE
	EndGlobalSection
	GlobalSection(ExtensibilityGlobals) = postSolution
		SolutionGuid = {E3AD7B2C-784A-4045-8E60-16A7A6D6CC61}
	EndGlobalSection
EndGlobal
